
Microsoft Visual Studio Solution File, Format Version 12.00
# Visual Studio Version 16
VisualStudioVersion = 16.0.30114.105
MinimumVisualStudioVersion = 10.0.40219.1
Project("{9A19103F-16F7-4668-BE54-9A1E7A4F7556}") = "Shop", "domain\Shop\Shop.csproj", "{4C02E0BB-7C0F-4F0E-99B1-FAA15C7CACA2}"
EndProject
Project("{9A19103F-16F7-4668-BE54-9A1E7A4F7556}") = "Shope.API", "web\Shope.API\Shope.API.csproj", "{DB23841D-AC08-46DF-A94B-CD3B885BB5A8}"
EndProject
Project("{9A19103F-16F7-4668-BE54-9A1E7A4F7556}") = "Shop.Memory", "memory\Shop.Memory\Shop.Memory.csproj", "{7A205711-A220-418C-B4E4-6D0351D4497D}"
EndProject
Project("{FAE04EC0-301F-11D3-BF4B-00C04F79EFBC}") = "Shop.App", "Shop.App\Shop.App.csproj", "{13DC28A1-8BA2-4FEC-8E38-A0834FD60F84}"
EndProject
Project("{FAE04EC0-301F-11D3-BF4B-00C04F79EFBC}") = "Shop.Login", "Shop.Login\Shop.Login.csproj", "{6A8EF709-772A-4835-9E1D-705EC5199A63}"
EndProject
Global
	GlobalSection(SolutionConfigurationPlatforms) = preSolution
		Debug|Any CPU = Debug|Any CPU
		Release|Any CPU = Release|Any CPU
	EndGlobalSection
	GlobalSection(ProjectConfigurationPlatforms) = postSolution
		{4C02E0BB-7C0F-4F0E-99B1-FAA15C7CACA2}.Debug|Any CPU.ActiveCfg = Debug|Any CPU
		{4C02E0BB-7C0F-4F0E-99B1-FAA15C7CACA2}.Debug|Any CPU.Build.0 = Debug|Any CPU
		{4C02E0BB-7C0F-4F0E-99B1-FAA15C7CACA2}.Release|Any CPU.ActiveCfg = Release|Any CPU
		{4C02E0BB-7C0F-4F0E-99B1-FAA15C7CACA2}.Release|Any CPU.Build.0 = Release|Any CPU
		{DB23841D-AC08-46DF-A94B-CD3B885BB5A8}.Debug|Any CPU.ActiveCfg = Debug|Any CPU
		{DB23841D-AC08-46DF-A94B-CD3B885BB5A8}.Debug|Any CPU.Build.0 = Debug|Any CPU
		{DB23841D-AC08-46DF-A94B-CD3B885BB5A8}.Release|Any CPU.ActiveCfg = Release|Any CPU
		{DB23841D-AC08-46DF-A94B-CD3B885BB5A8}.Release|Any CPU.Build.0 = Release|Any CPU
		{7A205711-A220-418C-B4E4-6D0351D4497D}.Debug|Any CPU.ActiveCfg = Debug|Any CPU
		{7A205711-A220-418C-B4E4-6D0351D4497D}.Debug|Any CPU.Build.0 = Debug|Any CPU
		{7A205711-A220-418C-B4E4-6D0351D4497D}.Release|Any CPU.ActiveCfg = Release|Any CPU
		{7A205711-A220-418C-B4E4-6D0351D4497D}.Release|Any CPU.Build.0 = Release|Any CPU
		{13DC28A1-8BA2-4FEC-8E38-A0834FD60F84}.Debug|Any CPU.ActiveCfg = Debug|Any CPU
		{13DC28A1-8BA2-4FEC-8E38-A0834FD60F84}.Debug|Any CPU.Build.0 = Debug|Any CPU
		{13DC28A1-8BA2-4FEC-8E38-A0834FD60F84}.Release|Any CPU.ActiveCfg = Release|Any CPU
		{13DC28A1-8BA2-4FEC-8E38-A0834FD60F84}.Release|Any CPU.Build.0 = Release|Any CPU
		{6A8EF709-772A-4835-9E1D-705EC5199A63}.Debug|Any CPU.ActiveCfg = Debug|Any CPU
		{6A8EF709-772A-4835-9E1D-705EC5199A63}.Debug|Any CPU.Build.0 = Debug|Any CPU
		{6A8EF709-772A-4835-9E1D-705EC5199A63}.Release|Any CPU.ActiveCfg = Release|Any CPU
		{6A8EF709-772A-4835-9E1D-705EC5199A63}.Release|Any CPU.Build.0 = Release|Any CPU
	EndGlobalSection
	GlobalSection(SolutionProperties) = preSolution
		HideSolutionNode = FALSE
	EndGlobalSection
	GlobalSection(ExtensibilityGlobals) = postSolution
		SolutionGuid = {1C276D02-4BF0-4412-B607-23B2AC058E1E}
	EndGlobalSection
EndGlobal
