
Microsoft Visual Studio Solution File, Format Version 12.00
# Visual Studio Version 16
VisualStudioVersion = 16.0.31911.196
MinimumVisualStudioVersion = 10.0.40219.1
Project("{9A19103F-16F7-4668-BE54-9A1E7A4F7556}") = "Shop.Domain", "Shop.Domain\Shop.Domain.csproj", "{9DC50EAD-BD7A-4474-9911-CE0CADAE5EA6}"
EndProject
Project("{9A19103F-16F7-4668-BE54-9A1E7A4F7556}") = "Shop.Memory", "Shop.Memory\Shop.Memory.csproj", "{867C676C-E55B-4710-911D-0EB3B9BB2BC6}"
EndProject
Project("{9A19103F-16F7-4668-BE54-9A1E7A4F7556}") = "Shop", "Shop\Shop.csproj", "{1A4D4289-44CB-452C-92C4-589919543B88}"
EndProject
Project("{FAE04EC0-301F-11D3-BF4B-00C04F79EFBC}") = "Shop.Manager", "Shop.Manager\Shop.Manager.csproj", "{82DFD36D-515B-4894-A827-ADC45348C8B9}"
EndProject
Global
	GlobalSection(SolutionConfigurationPlatforms) = preSolution
		Debug|Any CPU = Debug|Any CPU
		Release|Any CPU = Release|Any CPU
	EndGlobalSection
	GlobalSection(ProjectConfigurationPlatforms) = postSolution
		{9DC50EAD-BD7A-4474-9911-CE0CADAE5EA6}.Debug|Any CPU.ActiveCfg = Debug|Any CPU
		{9DC50EAD-BD7A-4474-9911-CE0CADAE5EA6}.Debug|Any CPU.Build.0 = Debug|Any CPU
		{9DC50EAD-BD7A-4474-9911-CE0CADAE5EA6}.Release|Any CPU.ActiveCfg = Release|Any CPU
		{9DC50EAD-BD7A-4474-9911-CE0CADAE5EA6}.Release|Any CPU.Build.0 = Release|Any CPU
		{867C676C-E55B-4710-911D-0EB3B9BB2BC6}.Debug|Any CPU.ActiveCfg = Debug|Any CPU
		{867C676C-E55B-4710-911D-0EB3B9BB2BC6}.Debug|Any CPU.Build.0 = Debug|Any CPU
		{867C676C-E55B-4710-911D-0EB3B9BB2BC6}.Release|Any CPU.ActiveCfg = Release|Any CPU
		{867C676C-E55B-4710-911D-0EB3B9BB2BC6}.Release|Any CPU.Build.0 = Release|Any CPU
		{1A4D4289-44CB-452C-92C4-589919543B88}.Debug|Any CPU.ActiveCfg = Debug|Any CPU
		{1A4D4289-44CB-452C-92C4-589919543B88}.Debug|Any CPU.Build.0 = Debug|Any CPU
		{1A4D4289-44CB-452C-92C4-589919543B88}.Release|Any CPU.ActiveCfg = Release|Any CPU
		{1A4D4289-44CB-452C-92C4-589919543B88}.Release|Any CPU.Build.0 = Release|Any CPU
		{82DFD36D-515B-4894-A827-ADC45348C8B9}.Debug|Any CPU.ActiveCfg = Debug|Any CPU
		{82DFD36D-515B-4894-A827-ADC45348C8B9}.Debug|Any CPU.Build.0 = Debug|Any CPU
		{82DFD36D-515B-4894-A827-ADC45348C8B9}.Release|Any CPU.ActiveCfg = Release|Any CPU
		{82DFD36D-515B-4894-A827-ADC45348C8B9}.Release|Any CPU.Build.0 = Release|Any CPU
	EndGlobalSection
	GlobalSection(SolutionProperties) = preSolution
		HideSolutionNode = FALSE
	EndGlobalSection
	GlobalSection(ExtensibilityGlobals) = postSolution
		SolutionGuid = {3E1757C0-0B63-46CB-93CA-B5F82B2AA11A}
	EndGlobalSection
EndGlobal
